{
  "version": 4,
  "terraform_version": "1.9.6",
  "serial": 3,
  "lineage": "8fb505db-c7f8-4370-9bb4-43b4a6b5c98a",
  "outputs": {
    "aks_node_rg": {
      "value": "aks_terraform_resources_rg",
      "type": "string"
    }
  },
  "resources": [
    {
      "mode": "managed",
      "type": "azurerm_resource_group",
      "name": "rg",
      "provider": "provider[\"registry.terraform.io/hashicorp/azurerm\"]",
      "instances": [
        {
          "schema_version": 0,
          "attributes": {
            "id": "/subscriptions/a149abee-0ccb-42f2-a91a-42fd4649b7c7/resourceGroups/aks_terraform_rg",
            "location": "westeurope",
            "name": "aks_terraform_rg",
            "tags": {},
            "timeouts": null
          },
          "sensitive_attributes": [],
          "private": "eyJlMmJmYjczMC1lY2FhLTExZTYtOGY4OC0zNDM2M2JjN2M0YzAiOnsiY3JlYXRlIjo1NDAwMDAwMDAwMDAwLCJkZWxldGUiOjU0MDAwMDAwMDAwMDAsInJlYWQiOjMwMDAwMDAwMDAwMCwidXBkYXRlIjo1NDAwMDAwMDAwMDAwfX0="
        }
      ]
    }
  ],
  "check_results": null
}
